
Microsoft Visual Studio Solution File, Format Version 12.00
# Visual Studio Version 16
VisualStudioVersion = 16.0.30523.141
MinimumVisualStudioVersion = 10.0.40219.1
Project("{FAE04EC0-301F-11D3-BF4B-00C04F79EFBC}") = "Practica01_Extra_Doval_Fraga_Jose_Angel", "Practica01_Extra_Doval_Fraga_Jose_Angel\Practica01_Extra_Doval_Fraga_Jose_Angel.csproj", "{9BFE0956-C3B0-4BBC-8664-D53C0D8EA122}"
EndProject
Global
	GlobalSection(SolutionConfigurationPlatforms) = preSolution
		Debug|Any CPU = Debug|Any CPU
		Release|Any CPU = Release|Any CPU
	EndGlobalSection
	GlobalSection(ProjectConfigurationPlatforms) = postSolution
		{9BFE0956-C3B0-4BBC-8664-D53C0D8EA122}.Debug|Any CPU.ActiveCfg = Debug|Any CPU
		{9BFE0956-C3B0-4BBC-8664-D53C0D8EA122}.Debug|Any CPU.Build.0 = Debug|Any CPU
		{9BFE0956-C3B0-4BBC-8664-D53C0D8EA122}.Release|Any CPU.ActiveCfg = Release|Any CPU
		{9BFE0956-C3B0-4BBC-8664-D53C0D8EA122}.Release|Any CPU.Build.0 = Release|Any CPU
	EndGlobalSection
	GlobalSection(SolutionProperties) = preSolution
		HideSolutionNode = FALSE
	EndGlobalSection
	GlobalSection(ExtensibilityGlobals) = postSolution
		SolutionGuid = {E8BB0F6A-FDAA-4C51-A1CF-04FDBF6A08FA}
	EndGlobalSection
EndGlobal
