
Microsoft Visual Studio Solution File, Format Version 12.00
# Visual Studio Version 16
VisualStudioVersion = 16.0.30523.141
MinimumVisualStudioVersion = 10.0.40219.1
Project("{FAE04EC0-301F-11D3-BF4B-00C04F79EFBC}") = "Practica01 Extra 02 Jose Angel Doval Fraga1", "Practica01 Extra 02 Jose Angel Doval Fraga1\Practica01 Extra 02 Jose Angel Doval Fraga1.csproj", "{5E80840D-BCF1-4355-963E-EC0663F31E80}"
EndProject
Global
	GlobalSection(SolutionConfigurationPlatforms) = preSolution
		Debug|Any CPU = Debug|Any CPU
		Release|Any CPU = Release|Any CPU
	EndGlobalSection
	GlobalSection(ProjectConfigurationPlatforms) = postSolution
		{5E80840D-BCF1-4355-963E-EC0663F31E80}.Debug|Any CPU.ActiveCfg = Debug|Any CPU
		{5E80840D-BCF1-4355-963E-EC0663F31E80}.Debug|Any CPU.Build.0 = Debug|Any CPU
		{5E80840D-BCF1-4355-963E-EC0663F31E80}.Release|Any CPU.ActiveCfg = Release|Any CPU
		{5E80840D-BCF1-4355-963E-EC0663F31E80}.Release|Any CPU.Build.0 = Release|Any CPU
	EndGlobalSection
	GlobalSection(SolutionProperties) = preSolution
		HideSolutionNode = FALSE
	EndGlobalSection
	GlobalSection(ExtensibilityGlobals) = postSolution
		SolutionGuid = {5DE12376-8743-4F6D-88F7-CF2E2C800A90}
	EndGlobalSection
EndGlobal
